
Microsoft Visual Studio Solution File, Format Version 12.00
# Visual Studio Version 16
VisualStudioVersion = 16.0.30804.86
MinimumVisualStudioVersion = 10.0.40219.1
Project("{FAE04EC0-301F-11D3-BF4B-00C04F79EFBC}") = "BinaryTrees", "BinaryTrees\BinaryTrees.csproj", "{5C50DB42-1977-45E5-8960-4B3528FB1513}"
EndProject
Project("{FAE04EC0-301F-11D3-BF4B-00C04F79EFBC}") = "BinaryTrees.Lib", "BinaryTrees.lib\BinaryTrees.Lib.csproj", "{5303B7AA-4DD1-4BCD-A8DF-337068D79FB4}"
EndProject
Global
	GlobalSection(SolutionConfigurationPlatforms) = preSolution
		Debug|Any CPU = Debug|Any CPU
		Release|Any CPU = Release|Any CPU
	EndGlobalSection
	GlobalSection(ProjectConfigurationPlatforms) = postSolution
		{5C50DB42-1977-45E5-8960-4B3528FB1513}.Debug|Any CPU.ActiveCfg = Debug|Any CPU
		{5C50DB42-1977-45E5-8960-4B3528FB1513}.Debug|Any CPU.Build.0 = Debug|Any CPU
		{5C50DB42-1977-45E5-8960-4B3528FB1513}.Release|Any CPU.ActiveCfg = Release|Any CPU
		{5C50DB42-1977-45E5-8960-4B3528FB1513}.Release|Any CPU.Build.0 = Release|Any CPU
		{5303B7AA-4DD1-4BCD-A8DF-337068D79FB4}.Debug|Any CPU.ActiveCfg = Debug|Any CPU
		{5303B7AA-4DD1-4BCD-A8DF-337068D79FB4}.Debug|Any CPU.Build.0 = Debug|Any CPU
		{5303B7AA-4DD1-4BCD-A8DF-337068D79FB4}.Release|Any CPU.ActiveCfg = Release|Any CPU
		{5303B7AA-4DD1-4BCD-A8DF-337068D79FB4}.Release|Any CPU.Build.0 = Release|Any CPU
	EndGlobalSection
	GlobalSection(SolutionProperties) = preSolution
		HideSolutionNode = FALSE
	EndGlobalSection
	GlobalSection(ExtensibilityGlobals) = postSolution
		SolutionGuid = {21C88137-A4D4-4B12-B48F-F128EFA3DCD2}
	EndGlobalSection
EndGlobal
